github.com/gen2brain/raylib-go/raylib v0.0.0-20230826160040-f770ca098119 h1:sabx//RhPtejGJAPC0TLmUeP8OoNK93qaUy4i2f/fo0=
github.com/gen2brain/raylib-go/raylib v0.0.0-20230826160040-f770ca098119/go.mod h1:AwtGA3aTtYdezNxEVbfchaLw/z+CuRDh2Mlxy0FbBro=
github.com/lachee/raylib-goplus v0.0.0-20200605081007-7ca39b8afc71 h1:H4fcwldyU7pQvzyR3fuNLe0Gs3f7yLg/lH7NorUTc7I=
github.com/lachee/raylib-goplus v0.0.0-20200605081007-7ca39b8afc71/go.mod h1:dBwvFApqhdnnQuWzvHZnvWph/zlTAHC3nd/Hy6yBE8U=
